{
  "lockfile_version": "1",
  "packages": {
    "go@latest": {
      "last_modified": "2026-07-23T05:10:05Z",
      "resolved": "github:NixOS/nixpkgs/7525d999cd850b9a488817abc89c75dc733acf17#go",
      "source": "devbox-search",
      "version": "1.26.5",
      "systems": {
        "aarch64-darwin": {
          "outputs": [
            {
              "name": "out",
              "path": "/nix/store/naw4mj4s58ymzlc10a76y79m40w3wfpp-go-1.26.5",
              "default": true
            }
          ],
          "store_path": "/nix/store/naw4mj4s58ymzlc10a76y79m40w3wfpp-go-1.26.5"
        },
        "aarch64-linux": {
          "outputs": [
            {
              "name": "out",
              "path": "/nix/store/fhg6v8k9hbqpr4b2zcmd099afxh7qxw0-go-1.26.5",
              "default": true
            }
          ],
          "store_path": "/nix/store/fhg6v8k9hbqpr4b2zcmd099afxh7qxw0-go-1.26.5"
        },
        "x86_64-linux": {
          "outputs": [
            {
              "name": "out",
              "path": "/nix/store/rcz9i4msbg3178grqll9h98b07dwk7zg-go-1.26.5",
              "default": true
            }
          ],
          "store_path": "/nix/store/rcz9i4msbg3178grqll9h98b07dwk7zg-go-1.26.5"
        }
      }
    },
    "golangci-lint@latest": {
      "last_modified": "2026-07-23T05:10:05Z",
      "resolved": "github:NixOS/nixpkgs/7525d999cd850b9a488817abc89c75dc733acf17#golangci-lint",
      "source": "devbox-search",
      "version": "2.12.2",
      "systems": {
        "aarch64-darwin": {
          "outputs": [
            {
              "name": "out",
              "path": "/nix/store/l2j3j7nvynbk0gw5km9pknizq593633j-golangci-lint-2.12.2",
              "default": true
            }
          ],
          "store_path": "/nix/store/l2j3j7nvynbk0gw5km9pknizq593633j-golangci-lint-2.12.2"
        },
        "aarch64-linux": {
          "outputs": [
            {
              "name": "out",
              "path": "/nix/store/gpyxbilsvyw9wv49nh4ng6lva95z38j3-golangci-lint-2.12.2",
              "default": true
            }
          ],
          "store_path": "/nix/store/gpyxbilsvyw9wv49nh4ng6lva95z38j3-golangci-lint-2.12.2"
        },
        "x86_64-darwin": {
          "outputs": [
            {
              "name": "out",
              "path": "/nix/store/w8c3i6vmxnnj0xixvjsa9lva3rcd2rvs-golangci-lint-2.12.2",
              "default": true
            }
          ],
          "store_path": "/nix/store/w8c3i6vmxnnj0xixvjsa9lva3rcd2rvs-golangci-lint-2.12.2"
        },
        "x86_64-linux": {
          "outputs": [
            {
              "name": "out",
              "path": "/nix/store/47w5wfrc8bcvggamqqlvkyavpc9l2bsm-golangci-lint-2.12.2",
              "default": true
            }
          ],
          "store_path": "/nix/store/47w5wfrc8bcvggamqqlvkyavpc9l2bsm-golangci-lint-2.12.2"
        }
      }
    },
    "gopls@latest": {
      "last_modified": "2026-07-23T05:10:05Z",
      "resolved": "github:NixOS/nixpkgs/7525d999cd850b9a488817abc89c75dc733acf17#gopls",
      "source": "devbox-search",
      "version": "0.23.0",
      "systems": {
        "aarch64-darwin": {
          "outputs": [
            {
              "name": "out",
              "path": "/nix/store/ab921c9fhs4zy821n3qlpjy1kzn3rkvv-gopls-0.23.0",
              "default": true
            }
          ],
          "store_path": "/nix/store/ab921c9fhs4zy821n3qlpjy1kzn3rkvv-gopls-0.23.0"
        },
        "aarch64-linux": {
          "outputs": [
            {
              "name": "out",
              "path": "/nix/store/bncr1x5f8zbr8wvf4i9m5b6fk13ndy6m-gopls-0.23.0",
              "default": true
            }
          ],
          "store_path": "/nix/store/bncr1x5f8zbr8wvf4i9m5b6fk13ndy6m-gopls-0.23.0"
        },
        "x86_64-linux": {
          "outputs": [
            {
              "name": "out",
              "path": "/nix/store/hbfgq2k95zbbcbhy36b46bjw1sjsgghx-gopls-0.23.0",
              "default": true
            }
          ],
          "store_path": "/nix/store/hbfgq2k95zbbcbhy36b46bjw1sjsgghx-gopls-0.23.0"
        }
      }
    }
  }
}
